
Microsoft Visual Studio Solution File, Format Version 12.00
# Visual Studio 2017
Project("{FAE04EC0-301F-11D3-BF4B-00C04F79EFBC}") = "Unity With Zach 1 - 2D Project", "Unity With Zach 1 - 2D Project.csproj", "{3F4C09C2-4E5F-B73C-357F-789A6D2B5015}"
EndProject
Global
	GlobalSection(SolutionConfigurationPlatforms) = preSolution
		Debug|Any CPU = Debug|Any CPU
		Release|Any CPU = Release|Any CPU
	EndGlobalSection
	GlobalSection(ProjectConfigurationPlatforms) = postSolution
		{3F4C09C2-4E5F-B73C-357F-789A6D2B5015}.Debug|Any CPU.ActiveCfg = Debug|Any CPU
		{3F4C09C2-4E5F-B73C-357F-789A6D2B5015}.Debug|Any CPU.Build.0 = Debug|Any CPU
		{3F4C09C2-4E5F-B73C-357F-789A6D2B5015}.Release|Any CPU.ActiveCfg = Release|Any CPU
		{3F4C09C2-4E5F-B73C-357F-789A6D2B5015}.Release|Any CPU.Build.0 = Release|Any CPU
	EndGlobalSection
	GlobalSection(SolutionProperties) = preSolution
		HideSolutionNode = FALSE
	EndGlobalSection
EndGlobal
